
Microsoft Visual Studio Solution File, Format Version 12.00
# Visual Studio Version 16
VisualStudioVersion = 16.0.29215.179
MinimumVisualStudioVersion = 10.0.40219.1
Project("{9A19103F-16F7-4668-BE54-9A1E7A4F7556}") = "Smidas.Core", "Smidas.Core\Smidas.Core.csproj", "{81CE7576-833A-4CE6-9C9E-2FE71DBC9598}"
	ProjectSection(ProjectDependencies) = postProject
		{56572050-FBDC-4861-8979-63ED43B235B3} = {56572050-FBDC-4861-8979-63ED43B235B3}
	EndProjectSection
EndProject
Project("{9A19103F-16F7-4668-BE54-9A1E7A4F7556}") = "Smidas.Common", "Smidas.Common\Smidas.Common.csproj", "{56572050-FBDC-4861-8979-63ED43B235B3}"
EndProject
Project("{9A19103F-16F7-4668-BE54-9A1E7A4F7556}") = "Smidas.Core.Tests", "Smidas.Core.Tests\Smidas.Core.Tests.csproj", "{8CAE7763-C565-41D9-91BC-CF6395970870}"
EndProject
Project("{FAE04EC0-301F-11D3-BF4B-00C04F79EFBC}") = "Smidas.WebScraping", "Smidas.WebScraping\Smidas.WebScraping.csproj", "{E44B5017-204F-43C7-9A66-528AA453D667}"
EndProject
Project("{FAE04EC0-301F-11D3-BF4B-00C04F79EFBC}") = "Smidas.WebScraping.Tests", "Smidas.WebScraping.Tests\Smidas.WebScraping.Tests.csproj", "{41615CC4-BFB4-4133-BBEA-1232644D0420}"
EndProject
Global
	GlobalSection(SolutionConfigurationPlatforms) = preSolution
		Debug|Any CPU = Debug|Any CPU
		Release|Any CPU = Release|Any CPU
	EndGlobalSection
	GlobalSection(ProjectConfigurationPlatforms) = postSolution
		{81CE7576-833A-4CE6-9C9E-2FE71DBC9598}.Debug|Any CPU.ActiveCfg = Debug|Any CPU
		{81CE7576-833A-4CE6-9C9E-2FE71DBC9598}.Debug|Any CPU.Build.0 = Debug|Any CPU
		{81CE7576-833A-4CE6-9C9E-2FE71DBC9598}.Release|Any CPU.ActiveCfg = Release|Any CPU
		{81CE7576-833A-4CE6-9C9E-2FE71DBC9598}.Release|Any CPU.Build.0 = Release|Any CPU
		{56572050-FBDC-4861-8979-63ED43B235B3}.Debug|Any CPU.ActiveCfg = Debug|Any CPU
		{56572050-FBDC-4861-8979-63ED43B235B3}.Debug|Any CPU.Build.0 = Debug|Any CPU
		{56572050-FBDC-4861-8979-63ED43B235B3}.Release|Any CPU.ActiveCfg = Release|Any CPU
		{56572050-FBDC-4861-8979-63ED43B235B3}.Release|Any CPU.Build.0 = Release|Any CPU
		{8CAE7763-C565-41D9-91BC-CF6395970870}.Debug|Any CPU.ActiveCfg = Debug|Any CPU
		{8CAE7763-C565-41D9-91BC-CF6395970870}.Debug|Any CPU.Build.0 = Debug|Any CPU
		{8CAE7763-C565-41D9-91BC-CF6395970870}.Release|Any CPU.ActiveCfg = Release|Any CPU
		{8CAE7763-C565-41D9-91BC-CF6395970870}.Release|Any CPU.Build.0 = Release|Any CPU
		{E44B5017-204F-43C7-9A66-528AA453D667}.Debug|Any CPU.ActiveCfg = Debug|Any CPU
		{E44B5017-204F-43C7-9A66-528AA453D667}.Debug|Any CPU.Build.0 = Debug|Any CPU
		{E44B5017-204F-43C7-9A66-528AA453D667}.Release|Any CPU.ActiveCfg = Release|Any CPU
		{E44B5017-204F-43C7-9A66-528AA453D667}.Release|Any CPU.Build.0 = Release|Any CPU
		{41615CC4-BFB4-4133-BBEA-1232644D0420}.Debug|Any CPU.ActiveCfg = Debug|Any CPU
		{41615CC4-BFB4-4133-BBEA-1232644D0420}.Debug|Any CPU.Build.0 = Debug|Any CPU
		{41615CC4-BFB4-4133-BBEA-1232644D0420}.Release|Any CPU.ActiveCfg = Release|Any CPU
		{41615CC4-BFB4-4133-BBEA-1232644D0420}.Release|Any CPU.Build.0 = Release|Any CPU
	EndGlobalSection
	GlobalSection(SolutionProperties) = preSolution
		HideSolutionNode = FALSE
	EndGlobalSection
	GlobalSection(ExtensibilityGlobals) = postSolution
		SolutionGuid = {B4A0B3C6-EB6D-470C-B1E2-458B3FF1D902}
	EndGlobalSection
EndGlobal
